
Microsoft Visual Studio Solution File, Format Version 12.00
# Visual Studio Version 16
VisualStudioVersion = 16.0.35325.158
MinimumVisualStudioVersion = 10.0.40219.1
Project("{FAE04EC0-301F-11D3-BF4B-00C04F79EFBC}") = "TravelConcessionApp", "TravelConcessionApp\TravelConcessionApp.csproj", "{EC6CC64D-F26A-42B5-A35C-7F2F98126C8C}"
EndProject
Global
	GlobalSection(SolutionConfigurationPlatforms) = preSolution
		Debug|Any CPU = Debug|Any CPU
		Release|Any CPU = Release|Any CPU
	EndGlobalSection
	GlobalSection(ProjectConfigurationPlatforms) = postSolution
		{EC6CC64D-F26A-42B5-A35C-7F2F98126C8C}.Debug|Any CPU.ActiveCfg = Debug|Any CPU
		{EC6CC64D-F26A-42B5-A35C-7F2F98126C8C}.Debug|Any CPU.Build.0 = Debug|Any CPU
		{EC6CC64D-F26A-42B5-A35C-7F2F98126C8C}.Release|Any CPU.ActiveCfg = Release|Any CPU
		{EC6CC64D-F26A-42B5-A35C-7F2F98126C8C}.Release|Any CPU.Build.0 = Release|Any CPU
	EndGlobalSection
	GlobalSection(SolutionProperties) = preSolution
		HideSolutionNode = FALSE
	EndGlobalSection
	GlobalSection(ExtensibilityGlobals) = postSolution
		SolutionGuid = {42063A82-C414-4DD0-9F28-5DF8C46E1AF5}
	EndGlobalSection
EndGlobal
